
Microsoft Visual Studio Solution File, Format Version 12.00
# Visual Studio Version 17
VisualStudioVersion = 17.7.34003.232
MinimumVisualStudioVersion = 10.0.40219.1
Project("{9A19103F-16F7-4668-BE54-9A1E7A4F7556}") = "Services.CouponAPI", "Services.CouponAPI\Services.CouponAPI.csproj", "{5D9DF78C-FE8E-45F0-8E78-AD2B6DE559E8}"
EndProject
Project("{2150E333-8FDC-42A3-9474-1A3956D46DE8}") = "src", "src", "{F3F46B50-7CC3-42F5-8C72-9F93F170AEED}"
EndProject
Project("{2150E333-8FDC-42A3-9474-1A3956D46DE8}") = "Services", "Services", "{CCC542B9-CC92-470F-ABCF-7331E57685D5}"
EndProject
Project("{2150E333-8FDC-42A3-9474-1A3956D46DE8}") = "Frontend", "Frontend", "{A7EA5E9A-8170-47FB-9E16-D68D51105069}"
EndProject
Project("{2150E333-8FDC-42A3-9474-1A3956D46DE8}") = "Integration", "Integration", "{1DA10B30-0CFD-4BF4-AF59-75685B29B0F9}"
EndProject
Project("{2150E333-8FDC-42A3-9474-1A3956D46DE8}") = "Gateway", "Gateway", "{BDB8FEE6-1D7E-4899-94BC-402C32B7D775}"
EndProject
Global
	GlobalSection(SolutionConfigurationPlatforms) = preSolution
		Debug|Any CPU = Debug|Any CPU
		Release|Any CPU = Release|Any CPU
	EndGlobalSection
	GlobalSection(ProjectConfigurationPlatforms) = postSolution
		{5D9DF78C-FE8E-45F0-8E78-AD2B6DE559E8}.Debug|Any CPU.ActiveCfg = Debug|Any CPU
		{5D9DF78C-FE8E-45F0-8E78-AD2B6DE559E8}.Debug|Any CPU.Build.0 = Debug|Any CPU
		{5D9DF78C-FE8E-45F0-8E78-AD2B6DE559E8}.Release|Any CPU.ActiveCfg = Release|Any CPU
		{5D9DF78C-FE8E-45F0-8E78-AD2B6DE559E8}.Release|Any CPU.Build.0 = Release|Any CPU
	EndGlobalSection
	GlobalSection(SolutionProperties) = preSolution
		HideSolutionNode = FALSE
	EndGlobalSection
	GlobalSection(NestedProjects) = preSolution
		{5D9DF78C-FE8E-45F0-8E78-AD2B6DE559E8} = {CCC542B9-CC92-470F-ABCF-7331E57685D5}
		{CCC542B9-CC92-470F-ABCF-7331E57685D5} = {F3F46B50-7CC3-42F5-8C72-9F93F170AEED}
		{A7EA5E9A-8170-47FB-9E16-D68D51105069} = {F3F46B50-7CC3-42F5-8C72-9F93F170AEED}
		{1DA10B30-0CFD-4BF4-AF59-75685B29B0F9} = {F3F46B50-7CC3-42F5-8C72-9F93F170AEED}
		{BDB8FEE6-1D7E-4899-94BC-402C32B7D775} = {F3F46B50-7CC3-42F5-8C72-9F93F170AEED}
	EndGlobalSection
	GlobalSection(ExtensibilityGlobals) = postSolution
		SolutionGuid = {9255D7F6-3FAA-4E96-89B8-030FE5CB6201}
	EndGlobalSection
EndGlobal
